PODS:
  - AFNetworking (3.1.0):
    - AFNetworking/NSURLSession (= 3.1.0)
    - AFNetworking/Reachability (= 3.1.0)
    - AFNetworking/Security (= 3.1.0)
    - AFNetworking/Serialization (= 3.1.0)
    - AFNetworking/UIKit (= 3.1.0)
  - AFNetworking/NSURLSession (3.1.0):
    - AFNetworking/Reachability
    - AFNetworking/Security
    - AFNetworking/Serialization
  - AFNetworking/Reachability (3.1.0)
  - AFNetworking/Security (3.1.0)
  - AFNetworking/Serialization (3.1.0)
  - AFNetworking/UIKit (3.1.0):
    - AFNetworking/NSURLSession
  - AsyncDisplayKit (2.2.1):
    - AsyncDisplayKit/PINRemoteImage (= 2.2.1)
  - AsyncDisplayKit/Core (2.2.1)
  - AsyncDisplayKit/PINRemoteImage (2.2.1):
    - AsyncDisplayKit/Core
    - PINRemoteImage/iOS (= 3.0.0-beta.8)
    - PINRemoteImage/PINCache
  - ATSDK-Weex (0.0.1)
  - ChameleonFramework (2.1.0):
    - ChameleonFramework/Default (= 2.1.0)
  - ChameleonFramework/Default (2.1.0)
  - CocoaLumberjack (3.2.0):
    - CocoaLumberjack/Default (= 3.2.0)
    - CocoaLumberjack/Extensions (= 3.2.0)
  - CocoaLumberjack/Default (3.2.0)
  - CocoaLumberjack/Extensions (3.2.0):
    - CocoaLumberjack/Default
  - CRToast (0.0.9)
  - DACircularProgress (2.3.1)
  - DateTools (1.7.0)
  - FDFullscreenPopGesture (1.1)
  - FLEX (2.4.0)
  - iCarousel (1.8.3)
  - IDMPhotoBrowser (1.11.3):
    - DACircularProgress
    - pop
    - SDWebImage (= 4.0.0)
  - JLRoutes (2.0.5)
  - JMRoundedCorner (1.9.5)
  - LazyScroll (0.0.2)
  - Masonry (1.0.2)
  - MBProgressHUD (1.0.0)
  - MJExtension (3.0.13)
  - MJRefresh (3.1.12)
  - MOBFoundation (3.0.1)
  - PINCache (3.0.1-beta.4):
    - PINCache/Arc-exception-safe (= 3.0.1-beta.4)
    - PINCache/Core (= 3.0.1-beta.4)
  - PINCache/Arc-exception-safe (3.0.1-beta.4):
    - PINCache/Core
  - PINCache/Core (3.0.1-beta.4):
    - PINOperation (= 1.0.3)
  - PINOperation (1.0.3)
  - PINRemoteImage/Core (3.0.0-beta.8)
  - PINRemoteImage/iOS (3.0.0-beta.8):
    - PINRemoteImage/Core
  - PINRemoteImage/PINCache (3.0.0-beta.8):
    - PINCache (= 3.0.1-beta.4)
    - PINRemoteImage/Core
  - pop (1.0.10)
  - Reachability (3.2)
  - SDWebImage (4.0.0):
    - SDWebImage/Core (= 4.0.0)
  - SDWebImage/Core (4.0.0)
  - ShareSDK3 (4.0.1):
    - MOBFoundation
    - ShareSDK3/ShareSDK (= 4.0.1)
  - ShareSDK3/ShareSDK (4.0.1):
    - MOBFoundation
  - ShareSDK3/ShareSDKPlatforms/AliPaySocial (4.0.1):
    - MOBFoundation
  - ShareSDK3/ShareSDKPlatforms/DingTalk (4.0.1):
    - MOBFoundation
  - ShareSDK3/ShareSDKPlatforms/QQ (4.0.1):
    - MOBFoundation
  - ShareSDK3/ShareSDKPlatforms/SinaWeibo (4.0.1):
    - MOBFoundation
  - ShareSDK3/ShareSDKPlatforms/WeChat (4.0.1):
    - MOBFoundation
  - ShareSDK3/ShareSDKUI (4.0.1):
    - MOBFoundation
  - STPopup (1.8.2)
  - SVProgressHUD (2.1.2)
  - UITableView+FDTemplateLayoutCell (1.6.beta)
  - WebViewJavascriptBridge (6.0.2)
  - WYPopoverController (0.3.9)
  - XLForm (3.2.0)
  - YYCache (1.0.4)
  - YYImage (1.0.4):
    - YYImage/Core (= 1.0.4)
  - YYImage/Core (1.0.4)
  - YYWebImage (1.0.5):
    - YYCache
    - YYImage
  - ZYBannerView (1.1.2)

DEPENDENCIES:
  - AFNetworking (~> 3.1.0)
  - AsyncDisplayKit (~> 2.0-beta.1)
  - ATSDK-Weex (~> 0.0.1)
  - ChameleonFramework (~> 2.1.0)
  - CocoaLumberjack (~> 3.2.0)
  - CRToast (~> 0.0.9)
  - DateTools (~> 1.7.0)
  - FDFullscreenPopGesture
  - FLEX (~> 2.4.0)
  - iCarousel (~> 1.8.3)
  - IDMPhotoBrowser (~> 1.11.3)
  - JLRoutes (~> 2.0)
  - JMRoundedCorner (from `https://github.com/raozhizhen/JMRoundedCorner.git`, tag `1.9.6`)
  - LazyScroll (~> 0.0.2)
  - Masonry (~> 1.0.1)
  - MBProgressHUD (~> 1.0.0)
  - MJExtension (~> 3.0.13)
  - MJRefresh (~> 3.1.12)
  - MOBFoundation
  - Reachability (~> 3.2)
  - SDWebImage (~> 4.0.0)
  - ShareSDK3
  - ShareSDK3/ShareSDKPlatforms/AliPaySocial
  - ShareSDK3/ShareSDKPlatforms/DingTalk
  - ShareSDK3/ShareSDKPlatforms/QQ
  - ShareSDK3/ShareSDKPlatforms/SinaWeibo
  - ShareSDK3/ShareSDKPlatforms/WeChat
  - ShareSDK3/ShareSDKUI
  - STPopup (~> 1.8.2)
  - SVProgressHUD (~> 2.1.2)
  - UITableView+FDTemplateLayoutCell (~> 1.6.beta)
  - WebViewJavascriptBridge (~> 6.0.2)
  - WYPopoverController (~> 0.3.9)
  - XLForm (~> 3.2.0)
  - YYWebImage (from `https://github.com/raozhizhen/YYWebImage.git`, tag `1.0.5`)
  - ZYBannerView (~> 1.1.2)

EXTERNAL SOURCES:
  JMRoundedCorner:
    :git: https://github.com/raozhizhen/JMRoundedCorner.git
    :tag: 1.9.6
  YYWebImage:
    :git: https://github.com/raozhizhen/YYWebImage.git
    :tag: 1.0.5

CHECKOUT OPTIONS:
  JMRoundedCorner:
    :git: https://github.com/raozhizhen/JMRoundedCorner.git
    :tag: 1.9.6
  YYWebImage:
    :git: https://github.com/raozhizhen/YYWebImage.git
    :tag: 1.0.5

SPEC CHECKSUMS:
  AFNetworking: 5e0e199f73d8626b11e79750991f5d173d1f8b67
  AsyncDisplayKit: 2234dd8d8770a5ed72936b3f8394bd5a807765f6
  ATSDK-Weex: 1b27558f4336d77fb97704d34fc6ad1fd468592c
  ChameleonFramework: d21a3cc247abfe5e37609a283a8238b03575cf64
  CocoaLumberjack: 9b4aed7073d242f29cc2f62068d995faf67f703a
  CRToast: 5a78c22b921c5ed3487488af605bc403a9c92fed
  DACircularProgress: 4dd437c0fc3da5161cb289e07ac449493d41db71
  DateTools: 53288ee8b905fdc75897a1e6b5cc0144b14cba60
  FDFullscreenPopGesture: a8a620179e3d9c40e8e00256dcee1c1a27c6d0f0
  FLEX: bd1a39e55b56bb413b6f1b34b3c10a0dc44ef079
  iCarousel: d782f635afac190c49bb8ee455882284cff8b85f
  IDMPhotoBrowser: b96159fe4adb991a844068eb17dab9c0b7d7e51a
  JLRoutes: 2a5ee61d739b51a98c9d8112bee5149a19de8854
  JMRoundedCorner: be3809e2e536939bc0b012d68eb943d870e5b1ed
  LazyScroll: 614022689b8e3b93c7bbe268c1a47b76e4265941
  Masonry: 7c429b56da9d4ee0bbb3ed77a5ea710d6a5df39e
  MBProgressHUD: 4890f671c94e8a0f3cf959aa731e9de2f036d71a
  MJExtension: 5932755f451458eefa24239358817f8d291240c7
  MJRefresh: b96cdb21c4aa75a7b07654311ab2f315c497e806
  MOBFoundation: 08328ccde124b687ac5e4367c2ccfc5b4d0235b7
  PINCache: a89c8f609232afac77128557bd12c861844423d7
  PINOperation: ac23db44796d4a564ecf9b5ea7163510f579b71d
  PINRemoteImage: c4f9f16932840c597f32e69dd288e10e111a1929
  pop: 82ca6b068ce9278fd350fd9dd09482a0ce9492e6
  Reachability: 33e18b67625424e47b6cde6d202dce689ad7af96
  SDWebImage: 76a6348bdc74eb5a55dd08a091ef298e56b55e41
  ShareSDK3: 6983a9b5209b63f2f4297fb0328d9a8dd6abd5f1
  STPopup: b69b3e7484ef7d2baec5f9ab2939f8a7bcdfe218
  SVProgressHUD: c404a55d78acbeb7ebb78b76d3faf986475a6994
  UITableView+FDTemplateLayoutCell: 3c326d8535802396c443e2972d990719a211bbed
  WebViewJavascriptBridge: 791ee0e26d1bf15efe5fb7fb9666a71a19b89d77
  WYPopoverController: a9db25ac2841a686acdc0f3a99bdb21545db32f4
  XLForm: 2250b4e96ab8ffa5f3355838c79edd90de451782
  YYCache: 8105b6638f5e849296c71f331ff83891a4942952
  YYImage: 1e1b62a9997399593e4b9c4ecfbbabbf1d3f3b54
  YYWebImage: 5f7f36aee2ae293f016d418c7d6ba05c4863e928
  ZYBannerView: 9018f090ea8a6c8b5b6749a4292f02becd399f42

PODFILE CHECKSUM: 5dd602d9b7c652ff784ef2337e3165fae4312464

COCOAPODS: 1.2.0
